
Microsoft Visual Studio Solution File, Format Version 12.00
Project("{FAE04EC0-301F-11D3-BF4B-00C04F79EFBC}") = "BlueCatKoKo.Ui", "BlueCatKoKo.Ui\BlueCatKoKo.Ui.csproj", "{7D01CD8D-0394-4A3E-93A3-F29529A043D6}"
EndProject
Global
	GlobalSection(SolutionConfigurationPlatforms) = preSolution
		Debug|Any CPU = Debug|Any CPU
		Release|Any CPU = Release|Any CPU
	EndGlobalSection
	GlobalSection(ProjectConfigurationPlatforms) = postSolution
		{7D01CD8D-0394-4A3E-93A3-F29529A043D6}.Debug|Any CPU.ActiveCfg = Debug|Any CPU
		{7D01CD8D-0394-4A3E-93A3-F29529A043D6}.Debug|Any CPU.Build.0 = Debug|Any CPU
		{7D01CD8D-0394-4A3E-93A3-F29529A043D6}.Release|Any CPU.ActiveCfg = Release|Any CPU
		{7D01CD8D-0394-4A3E-93A3-F29529A043D6}.Release|Any CPU.Build.0 = Release|Any CPU
	EndGlobalSection
EndGlobal
